{
  "lockfileVersion": 1,
  "workspaces": {
    "": {
      "name": "reduction-ts",
      "dependencies": {
        "@bufbuild/protobuf": "^2.2.3",
        "@connectrpc/connect": "^2.0.1",
        "@connectrpc/connect-node": "^2.0.1",
        "commander": "^13.1.0",
        "temporal-polyfill": "^0.2.5",
        "typedoc": "^0.28.2",
      },
      "devDependencies": {
        "@bufbuild/protoc-gen-es": "^2.2.3",
        "@connectrpc/protoc-gen-connect-es": "^1.6.1",
        "@types/bun": "latest",
        "@types/node": "^20.11.0",
      },
      "peerDependencies": {
        "typescript": "^5",
      },
    },
  },
  "packages": {
    "@bufbuild/protobuf": ["@bufbuild/protobuf@2.2.3", "", {}, "sha512-tFQoXHJdkEOSwj5tRIZSPNUuXK3RaR7T1nUrPgbYX1pUbvqqaaZAsfo+NXBPsz5rZMSKVFrgK1WL8Q/MSLvprg=="],

    "@bufbuild/protoc-gen-es": ["@bufbuild/protoc-gen-es@2.2.3", "", { "dependencies": { "@bufbuild/protobuf": "^2.2.3", "@bufbuild/protoplugin": "2.2.3" }, "bin": { "protoc-gen-es": "bin/protoc-gen-es" } }, "sha512-hdhIV9NmwXXy24DcbnArauv6L5Dv2PjkO9gz2DUhiZ9HPRpP+rmpT8zo5LohjJiuA7YIQGGKKWSKpRg+xcdLSQ=="],

    "@bufbuild/protoplugin": ["@bufbuild/protoplugin@2.2.3", "", { "dependencies": { "@bufbuild/protobuf": "2.2.3", "@typescript/vfs": "^1.5.2", "typescript": "5.4.5" } }, "sha512-UsV7mj6NJTZrqIYJK+jNFnnj5tOS7wgNXKyMjebFEpf+OX6pfXE+nx+QPjumOfu4GxdVPfEDnKuwISgqlXSQqw=="],

    "@connectrpc/connect": ["@connectrpc/connect@2.0.1", "", { "peerDependencies": { "@bufbuild/protobuf": "^2.2.0" } }, "sha512-o+MauvcOnfN4vjpS8ngoX+ubhcCDvnexlLwtk/VnkCLjoRMUz2PKqi87Si58ViWq0vzmGYPRf2LNwhJk5kcCXA=="],

    "@connectrpc/connect-node": ["@connectrpc/connect-node@2.0.1", "", { "peerDependencies": { "@bufbuild/protobuf": "^2.2.0", "@connectrpc/connect": "2.0.1" } }, "sha512-jXE9vMZ71aZnIXPDBqedwQyT/nN5pYs6pI8BScvvxJEKPJNAuwxltdJ2u0RpPaqox/dEW+ipzAN7kjYQIy3NHg=="],

    "@connectrpc/protoc-gen-connect-es": ["@connectrpc/protoc-gen-connect-es@1.6.1", "", { "dependencies": { "@bufbuild/protobuf": "^1.10.0", "@bufbuild/protoplugin": "^1.10.0" }, "peerDependencies": { "@bufbuild/protoc-gen-es": "^1.10.0", "@connectrpc/connect": "1.6.1" }, "optionalPeers": ["@bufbuild/protoc-gen-es", "@connectrpc/connect"], "bin": { "protoc-gen-connect-es": "bin/protoc-gen-connect-es" } }, "sha512-0fHcaADd+GKM0I/koIQpmKg7b+QL18bXlggTUYEAlMFzsd4zN/ApG3235hdUcRyhrAOAItTXxh8ZAV/nNd43Gg=="],

    "@gerrit0/mini-shiki": ["@gerrit0/mini-shiki@3.2.3", "", { "dependencies": { "@shikijs/engine-oniguruma": "^3.2.2", "@shikijs/langs": "^3.2.2", "@shikijs/themes": "^3.2.2", "@shikijs/types": "^3.2.2", "@shikijs/vscode-textmate": "^10.0.2" } }, "sha512-yemSYr0Oiqk5NAQRfbD5DKUTlThiZw1MxTMx/YpQTg6m4QRJDtV2JTYSuNevgx1ayy/O7x+uwDjh3IgECGFY/Q=="],

    "@shikijs/engine-oniguruma": ["@shikijs/engine-oniguruma@3.2.2", "", { "dependencies": { "@shikijs/types": "3.2.2", "@shikijs/vscode-textmate": "^10.0.2" } }, "sha512-vyXRnWVCSvokwbaUD/8uPn6Gqsf5Hv7XwcW4AgiU4Z2qwy19sdr6VGzMdheKKN58tJOOe5MIKiNb901bgcUXYQ=="],

    "@shikijs/langs": ["@shikijs/langs@3.2.2", "", { "dependencies": { "@shikijs/types": "3.2.2" } }, "sha512-NY0Urg2dV9ETt3JIOWoMPuoDNwte3geLZ4M1nrPHbkDS8dWMpKcEwlqiEIGqtwZNmt5gKyWpR26ln2Bg2ecPgw=="],

    "@shikijs/themes": ["@shikijs/themes@3.2.2", "", { "dependencies": { "@shikijs/types": "3.2.2" } }, "sha512-Zuq4lgAxVKkb0FFdhHSdDkALuRpsj1so1JdihjKNQfgM78EHxV2JhO10qPsMrm01FkE3mDRTdF68wfmsqjt6HA=="],

    "@shikijs/types": ["@shikijs/types@3.2.2", "", { "dependencies": { "@shikijs/vscode-textmate": "^10.0.2", "@types/hast": "^3.0.4" } }, "sha512-a5TiHk7EH5Lso8sHcLHbVNNhWKP0Wi3yVnXnu73g86n3WoDgEra7n3KszyeCGuyoagspQ2fzvy4cpSc8pKhb0A=="],

    "@shikijs/vscode-textmate": ["@shikijs/vscode-textmate@10.0.2", "", {}, "sha512-83yeghZ2xxin3Nj8z1NMd/NCuca+gsYXswywDy5bHvwlWL8tpTQmzGeUuHd9FC3E/SBEMvzJRwWEOz5gGes9Qg=="],

    "@types/bun": ["@types/bun@1.2.3", "", { "dependencies": { "bun-types": "1.2.3" } }, "sha512-054h79ipETRfjtsCW9qJK8Ipof67Pw9bodFWmkfkaUaRiIQ1dIV2VTlheshlBx3mpKr0KeK8VqnMMCtgN9rQtw=="],

    "@types/hast": ["@types/hast@3.0.4", "", { "dependencies": { "@types/unist": "*" } }, "sha512-WPs+bbQw5aCj+x6laNGWLH3wviHtoCv/P3+otBhbOhJgG8qtpdAMlTCxLtsTWA7LH1Oh/bFCHsBn0TPS5m30EQ=="],

    "@types/node": ["@types/node@20.17.19", "", { "dependencies": { "undici-types": "~6.19.2" } }, "sha512-LEwC7o1ifqg/6r2gn9Dns0f1rhK+fPFDoMiceTJ6kWmVk6bgXBI/9IOWfVan4WiAavK9pIVWdX0/e3J+eEUh5A=="],

    "@types/unist": ["@types/unist@3.0.3", "", {}, "sha512-ko/gIFJRv177XgZsZcBwnqJN5x/Gien8qNOn0D5bQU/zAzVf9Zt3BlcUiLqhV9y4ARk0GbT3tnUiPNgnTXzc/Q=="],

    "@types/ws": ["@types/ws@8.5.14", "", { "dependencies": { "@types/node": "*" } }, "sha512-bd/YFLW+URhBzMXurx7lWByOu+xzU9+kb3RboOteXYDfW+tr+JZa99OyNmPINEGB/ahzKrEuc8rcv4gnpJmxTw=="],

    "@typescript/vfs": ["@typescript/vfs@1.6.1", "", { "dependencies": { "debug": "^4.1.1" }, "peerDependencies": { "typescript": "*" } }, "sha512-JwoxboBh7Oz1v38tPbkrZ62ZXNHAk9bJ7c9x0eI5zBfBnBYGhURdbnh7Z4smN/MV48Y5OCcZb58n972UtbazsA=="],

    "argparse": ["argparse@2.0.1", "", {}, "sha512-8+9WqebbFzpX9OR+Wa6O29asIogeRMzcGtAINdpMHHyAg10f05aSFVBbcEqGf/PXw1EjAZ+q2/bEBg3DvurK3Q=="],

    "balanced-match": ["balanced-match@1.0.2", "", {}, "sha512-3oSeUO0TMV67hN1AmbXsK4yaqU7tjiHlbxRDZOpH0KW9+CeX4bRAaX0Anxt0tx2MrpRpWwQaPwIlISEJhYU5Pw=="],

    "brace-expansion": ["brace-expansion@2.0.1", "", { "dependencies": { "balanced-match": "^1.0.0" } }, "sha512-XnAIvQ8eM+kC6aULx6wuQiwVsnzsi9d3WxzV3FpWTGA19F621kwdbsAcFKXgKUHZWsy+mY6iL1sHTxWEFCytDA=="],

    "bun-types": ["bun-types@1.2.3", "", { "dependencies": { "@types/node": "*", "@types/ws": "~8.5.10" } }, "sha512-P7AeyTseLKAvgaZqQrvp3RqFM3yN9PlcLuSTe7SoJOfZkER73mLdT2vEQi8U64S1YvM/ldcNiQjn0Sn7H9lGgg=="],

    "commander": ["commander@13.1.0", "", {}, "sha512-/rFeCpNJQbhSZjGVwO9RFV3xPqbnERS8MmIQzCtD/zl6gpJuV/bMLuN92oG3F7d8oDEHHRrujSXNUr8fpjntKw=="],

    "debug": ["debug@4.4.0", "", { "dependencies": { "ms": "^2.1.3" } }, "sha512-6WTZ/IxCY/T6BALoZHaE4ctp9xm+Z5kY/pzYaCHRFeyVhojxlrm+46y68HA6hr0TcwEssoxNiDEUJQjfPZ/RYA=="],

    "entities": ["entities@4.5.0", "", {}, "sha512-V0hjH4dGPh9Ao5p0MoRY6BVqtwCjhz6vI5LT8AJ55H+4g9/4vbHx1I54fS0XuclLhDHArPQCiMjDxjaL8fPxhw=="],

    "linkify-it": ["linkify-it@5.0.0", "", { "dependencies": { "uc.micro": "^2.0.0" } }, "sha512-5aHCbzQRADcdP+ATqnDuhhJ/MRIqDkZX5pyjFHRRysS8vZ5AbqGEoFIb6pYHPZ+L/OC2Lc+xT8uHVVR5CAK/wQ=="],

    "lunr": ["lunr@2.3.9", "", {}, "sha512-zTU3DaZaF3Rt9rhN3uBMGQD3dD2/vFQqnvZCDv4dl5iOzq2IZQqTxu90r4E5J+nP70J3ilqVCrbho2eWaeW8Ow=="],

    "markdown-it": ["markdown-it@14.1.0", "", { "dependencies": { "argparse": "^2.0.1", "entities": "^4.4.0", "linkify-it": "^5.0.0", "mdurl": "^2.0.0", "punycode.js": "^2.3.1", "uc.micro": "^2.1.0" }, "bin": { "markdown-it": "bin/markdown-it.mjs" } }, "sha512-a54IwgWPaeBCAAsv13YgmALOF1elABB08FxO9i+r4VFk5Vl4pKokRPeX8u5TCgSsPi6ec1otfLjdOpVcgbpshg=="],

    "mdurl": ["mdurl@2.0.0", "", {}, "sha512-Lf+9+2r+Tdp5wXDXC4PcIBjTDtq4UKjCPMQhKIuzpJNW0b96kVqSwW0bT7FhRSfmAiFYgP+SCRvdrDozfh0U5w=="],

    "minimatch": ["minimatch@9.0.5", "", { "dependencies": { "brace-expansion": "^2.0.1" } }, "sha512-G6T0ZX48xgozx7587koeX9Ys2NYy6Gmv//P89sEte9V9whIapMNF4idKxnW2QtCcLiTWlb/wfCabAtAFWhhBow=="],

    "ms": ["ms@2.1.3", "", {}, "sha512-6FlzubTLZG3J2a/NVCAleEhjzq5oxgHyaCU9yYXvcLsvoVaHJq/s5xXI6/XXP6tz7R9xAOtHnSO/tXtF3WRTlA=="],

    "punycode.js": ["punycode.js@2.3.1", "", {}, "sha512-uxFIHU0YlHYhDQtV4R9J6a52SLx28BCjT+4ieh7IGbgwVJWO+km431c4yRlREUAsAmt/uMjQUyQHNEPf0M39CA=="],

    "temporal-polyfill": ["temporal-polyfill@0.2.5", "", { "dependencies": { "temporal-spec": "^0.2.4" } }, "sha512-ye47xp8Cb0nDguAhrrDS1JT1SzwEV9e26sSsrWzVu+yPZ7LzceEcH0i2gci9jWfOfSCCgM3Qv5nOYShVUUFUXA=="],

    "temporal-spec": ["temporal-spec@0.2.4", "", {}, "sha512-lDMFv4nKQrSjlkHKAlHVqKrBG4DyFfa9F74cmBZ3Iy3ed8yvWnlWSIdi4IKfSqwmazAohBNwiN64qGx4y5Q3IQ=="],

    "typedoc": ["typedoc@0.28.2", "", { "dependencies": { "@gerrit0/mini-shiki": "^3.2.2", "lunr": "^2.3.9", "markdown-it": "^14.1.0", "minimatch": "^9.0.5", "yaml": "^2.7.1" }, "peerDependencies": { "typescript": "5.0.x || 5.1.x || 5.2.x || 5.3.x || 5.4.x || 5.5.x || 5.6.x || 5.7.x || 5.8.x" }, "bin": { "typedoc": "bin/typedoc" } }, "sha512-9Giuv+eppFKnJ0oi+vxqLM817b/IrIsEMYgy3jj6zdvppAfDqV3d6DXL2vXUg2TnlL62V48th25Zf/tcQKAJdg=="],

    "typescript": ["typescript@5.7.3", "", { "bin": { "tsc": "bin/tsc", "tsserver": "bin/tsserver" } }, "sha512-84MVSjMEHP+FQRPy3pX9sTVV/INIex71s9TL2Gm5FG/WG1SqXeKyZ0k7/blY/4FdOzI12CBy1vGc4og/eus0fw=="],

    "uc.micro": ["uc.micro@2.1.0", "", {}, "sha512-ARDJmphmdvUk6Glw7y9DQ2bFkKBHwQHLi2lsaH6PPmz/Ka9sFOBsBluozhDltWmnv9u/cF6Rt87znRTPV+yp/A=="],

    "undici-types": ["undici-types@6.19.8", "", {}, "sha512-ve2KP6f/JnbPBFyobGHuerC9g1FYGn/F8n1LWTwNxCEzd6IfqTwUQcNXgEtmmQ6DlRrC1hrSrBnCZPokRrDHjw=="],

    "yaml": ["yaml@2.7.1", "", { "bin": { "yaml": "bin.mjs" } }, "sha512-10ULxpnOCQXxJvBgxsn9ptjq6uviG/htZKk9veJGhlqn3w/DxQ631zFF+nlQXLwmImeS5amR2dl2U8sg6U9jsQ=="],

    "@bufbuild/protoplugin/typescript": ["typescript@5.4.5", "", { "bin": { "tsc": "bin/tsc", "tsserver": "bin/tsserver" } }, "sha512-vcI4UpRgg81oIRUFwR0WSIHKt11nJ7SAVlYNIu+QpqeyXP+gpQJy/Z4+F0aGxSE4MqwjyXvW/TzgkLAx2AGHwQ=="],

    "@connectrpc/protoc-gen-connect-es/@bufbuild/protobuf": ["@bufbuild/protobuf@1.10.0", "", {}, "sha512-QDdVFLoN93Zjg36NoQPZfsVH9tZew7wKDKyV5qRdj8ntT4wQCOradQjRaTdwMhWUYsgKsvCINKKm87FdEk96Ag=="],

    "@connectrpc/protoc-gen-connect-es/@bufbuild/protoplugin": ["@bufbuild/protoplugin@1.10.0", "", { "dependencies": { "@bufbuild/protobuf": "1.10.0", "@typescript/vfs": "^1.4.0", "typescript": "4.5.2" } }, "sha512-u6NE4vL0lw1+EK4/PiE/SQB7fKO4LRJNTEScIXVOi2x88K/c8WKc/k0KyEaA0asVBMpwekJQZGnRyj04ZtN5Gg=="],

    "@types/ws/@types/node": ["@types/node@22.13.5", "", { "dependencies": { "undici-types": "~6.20.0" } }, "sha512-+lTU0PxZXn0Dr1NBtC7Y8cR21AJr87dLLU953CWA6pMxxv/UDc7jYAY90upcrie1nRcD6XNG5HOYEDtgW5TxAg=="],

    "bun-types/@types/node": ["@types/node@22.13.5", "", { "dependencies": { "undici-types": "~6.20.0" } }, "sha512-+lTU0PxZXn0Dr1NBtC7Y8cR21AJr87dLLU953CWA6pMxxv/UDc7jYAY90upcrie1nRcD6XNG5HOYEDtgW5TxAg=="],

    "@connectrpc/protoc-gen-connect-es/@bufbuild/protoplugin/typescript": ["typescript@4.5.2", "", { "bin": { "tsc": "bin/tsc", "tsserver": "bin/tsserver" } }, "sha512-5BlMof9H1yGt0P8/WF+wPNw6GfctgGjXp5hkblpyT+8rkASSmkUKMXrxR0Xg8ThVCi/JnHQiKXeBaEwCeQwMFw=="],

    "@types/ws/@types/node/undici-types": ["undici-types@6.20.0", "", {}, "sha512-Ny6QZ2Nju20vw1SRHe3d9jVu6gJ+4e3+MMpqu7pqE5HT6WsTSlce++GQmK5UXS8mzV8DSYHrQH+Xrf2jVcuKNg=="],

    "bun-types/@types/node/undici-types": ["undici-types@6.20.0", "", {}, "sha512-Ny6QZ2Nju20vw1SRHe3d9jVu6gJ+4e3+MMpqu7pqE5HT6WsTSlce++GQmK5UXS8mzV8DSYHrQH+Xrf2jVcuKNg=="],
  }
}
